# This file was autogenerated by uv via the following command:
#    uv pip compile requirements-dev.txt -o requirements-dev.lock --universal -p 3.14
absl-py==2.5.0
    # via mediapipe
aiohappyeyeballs==2.7.1
    # via aiohttp
aiohttp==3.14.1
    # via
    #   discord-py
    #   wavelink
aiosignal==1.4.0
    # via aiohttp
aiosqlite==0.22.1
    # via -r requirements-dev.txt
annotated-doc==0.0.4
    # via fastapi
annotated-types==0.7.0
    # via pydantic
anthropic==0.116.0
    # via -r requirements.txt
anyio==4.14.1
    # via
    #   anthropic
    #   httpx
    #   starlette
    #   watchfiles
ast-serialize==0.6.0
    # via mypy
async-timeout==5.0.1
    # via wavelink
attrs==26.1.0
    # via aiohttp
audioop-lts==0.2.2
    # via discord-py
av==18.0.0
    # via faster-whisper
certifi==2026.6.17
    # via
    #   httpcore
    #   httpx
    #   mediapipe
    #   requests
cffi==2.1.0
    # via
    #   pynacl
    #   sounddevice
cfgv==3.5.0
    # via pre-commit
charset-normalizer==3.4.9
    # via requests
click==8.4.2
    # via
    #   huggingface-hub
    #   uvicorn
colorama==0.4.6 ; sys_platform == 'win32'
    # via
    #   click
    #   pytest
    #   tqdm
contourpy==1.3.3
    # via matplotlib
coverage==7.15.0
    # via pytest-cov
ctranslate2==4.8.1
    # via faster-whisper
cycler==0.12.1
    # via matplotlib
discord-py==2.7.1
    # via
    #   -r requirements.txt
    #   wavelink
diskcache==5.6.3
    # via llama-cpp-python
distlib==0.4.3
    # via virtualenv
distro==1.9.0
    # via anthropic
docstring-parser==0.18.0
    # via anthropic
emoji==2.15.0
    # via pilmoji
execnet==2.1.2
    # via pytest-xdist
fastapi==0.139.0
    # via -r requirements.txt
faster-whisper==1.2.1
    # via -r requirements.txt
filelock==3.29.7
    # via
    #   huggingface-hub
    #   python-discovery
    #   virtualenv
flatbuffers==25.12.19
    # via
    #   mediapipe
    #   onnxruntime
fonttools==4.63.0
    # via matplotlib
freezegun==1.5.5
    # via -r requirements-dev.txt
frozenlist==1.8.0
    # via
    #   aiohttp
    #   aiosignal
fsspec==2026.6.0
    # via huggingface-hub
h11==0.16.0
    # via
    #   httpcore
    #   uvicorn
hf-xet==1.5.1 ; platform_machine == 'AMD64' or platform_machine == 'aarch64' or platform_machine == 'amd64' or platform_machine == 'arm64' or platform_machine == 'x86_64'
    # via huggingface-hub
httpcore==1.0.9
    # via httpx
httptools==0.8.0
    # via uvicorn
httpx==0.28.1
    # via
    #   -r requirements-dev.txt
    #   -r requirements.txt
    #   anthropic
    #   huggingface-hub
huggingface-hub==1.23.0
    # via
    #   -r requirements.txt
    #   faster-whisper
    #   tokenizers
hypothesis==6.156.5
    # via -r requirements-dev.txt
identify==2.6.19
    # via pre-commit
idna==3.18
    # via
    #   anyio
    #   httpx
    #   requests
    #   yarl
iniconfig==2.3.0
    # via pytest
invoke==3.0.3
    # via -r requirements-dev.txt
itsdangerous==2.2.0
    # via -r requirements.txt
jinja2==3.1.6
    # via
    #   -r requirements.txt
    #   llama-cpp-python
jiter==0.16.0
    # via anthropic
kiwisolver==1.5.0
    # via matplotlib
librt==0.13.0 ; platform_python_implementation != 'PyPy'
    # via mypy
llama-cpp-python==0.3.33
    # via -r requirements.txt
markupsafe==3.0.3
    # via jinja2
matplotlib==3.11.0
    # via
    #   -r requirements.txt
    #   mediapipe
mediapipe==0.10.35
    # via -r requirements.txt
multidict==6.7.1
    # via
    #   aiohttp
    #   yarl
mypy==2.2.0
    # via -r requirements-dev.txt
mypy-extensions==1.1.0
    # via mypy
nodeenv==1.10.0
    # via
    #   pre-commit
    #   pyright
nudenet==3.4.2
    # via -r requirements.txt
numpy==2.5.1
    # via
    #   -r requirements.txt
    #   contourpy
    #   ctranslate2
    #   llama-cpp-python
    #   matplotlib
    #   mediapipe
    #   nudenet
    #   onnxruntime
    #   opencv-contrib-python
    #   opencv-python-headless
onnxruntime==1.27.0
    # via
    #   faster-whisper
    #   nudenet
opencv-contrib-python==5.0.0.93
    # via mediapipe
opencv-python-headless==5.0.0.93
    # via nudenet
packaging==26.2
    # via
    #   huggingface-hub
    #   matplotlib
    #   onnxruntime
    #   pytest
pathspec==1.1.1
    # via mypy
pillow==12.3.0
    # via
    #   -r requirements.txt
    #   matplotlib
    #   pilmoji
pilmoji==2.0.5
    # via -r requirements.txt
platformdirs==4.10.0
    # via
    #   python-discovery
    #   virtualenv
pluggy==1.6.0
    # via
    #   pytest
    #   pytest-cov
pre-commit==4.6.0
    # via -r requirements-dev.txt
propcache==0.5.2
    # via
    #   aiohttp
    #   yarl
protobuf==7.35.1
    # via onnxruntime
psutil==7.2.2
    # via -r requirements.txt
pycparser==3.0 ; implementation_name != 'PyPy'
    # via cffi
pydantic==2.13.4
    # via
    #   -r requirements.txt
    #   anthropic
    #   fastapi
pydantic-core==2.46.4
    # via pydantic
pygments==2.20.0
    # via pytest
pynacl==1.6.2
    # via -r requirements.txt
pyparsing==3.3.2
    # via matplotlib
pyright==1.1.411
    # via -r requirements-dev.txt
pytest==9.1.1
    # via
    #   -r requirements-dev.txt
    #   pytest-asyncio
    #   pytest-cov
    #   pytest-xdist
    #   syrupy
pytest-asyncio==1.4.0
    # via -r requirements-dev.txt
pytest-cov==7.1.0
    # via -r requirements-dev.txt
pytest-xdist==3.8.0
    # via -r requirements-dev.txt
python-dateutil==2.9.0.post0
    # via
    #   freezegun
    #   matplotlib
python-discovery==1.4.4
    # via virtualenv
python-dotenv==1.2.2
    # via
    #   -r requirements.txt
    #   uvicorn
python-multipart==0.0.32
    # via -r requirements.txt
pyyaml==6.0.3
    # via
    #   -r requirements-dev.txt
    #   ctranslate2
    #   huggingface-hub
    #   pre-commit
    #   uvicorn
redis==8.0.1
    # via spotipy
requests==2.34.2
    # via
    #   spotipy
    #   vadersentiment
ruff==0.15.21
    # via -r requirements-dev.txt
setuptools==83.0.0
    # via ctranslate2
six==1.17.0
    # via python-dateutil
sniffio==1.3.1
    # via anthropic
sortedcontainers==2.4.0
    # via hypothesis
sounddevice==0.5.5
    # via mediapipe
spotipy==2.26.0
    # via -r requirements.txt
starlette==1.3.1
    # via fastapi
syrupy==5.5.2
    # via -r requirements-dev.txt
tokenizers==0.23.1
    # via faster-whisper
tqdm==4.68.4
    # via
    #   faster-whisper
    #   huggingface-hub
typing-extensions==4.16.0
    # via
    #   anthropic
    #   fastapi
    #   huggingface-hub
    #   llama-cpp-python
    #   mypy
    #   pydantic
    #   pydantic-core
    #   pyright
    #   typing-inspection
    #   wavelink
typing-inspection==0.4.2
    # via
    #   fastapi
    #   pydantic
tzdata==2026.3
    # via -r requirements.txt
urllib3==2.7.0
    # via
    #   requests
    #   spotipy
uvicorn==0.51.0
    # via -r requirements.txt
uvloop==0.22.1 ; platform_python_implementation != 'PyPy' and sys_platform != 'cygwin' and sys_platform != 'win32'
    # via uvicorn
vadersentiment==3.3.2
    # via -r requirements.txt
virtualenv==21.6.1
    # via pre-commit
watchfiles==1.2.0
    # via uvicorn
wavelink==3.5.2
    # via -r requirements.txt
websockets==16.1
    # via uvicorn
yarl==1.24.2
    # via
    #   aiohttp
    #   wavelink
