# This file was autogenerated by uv via the following command:
#    uv pip compile requirements-local-llm.txt -o requirements-local-llm.lock --universal -p 3.14 -c requirements.lock
diskcache==5.6.3
    # via llama-cpp-python
jinja2==3.1.6
    # via
    #   -c requirements.lock
    #   llama-cpp-python
llama-cpp-python==0.3.34
    # via -r requirements-local-llm.txt
markupsafe==3.0.3
    # via
    #   -c requirements.lock
    #   jinja2
numpy==2.5.1
    # via
    #   -c requirements.lock
    #   llama-cpp-python
typing-extensions==4.16.0
    # via
    #   -c requirements.lock
    #   llama-cpp-python
